
Microsoft Visual Studio Solution File, Format Version 12.00
# Visual Studio 15
VisualStudioVersion = 15.0.28307.329
MinimumVisualStudioVersion = 10.0.40219.1
Project("{8BC9CEB8-8B4A-11D0-8D11-00A0C91BC942}") = "common", "common\common.vcxproj", "{3B28742D-3DA6-4EE3-8814-FD2001865ABD}"
EndProject
Project("{8BC9CEB8-8B4A-11D0-8D11-00A0C91BC942}") = "service", "service\service.vcxproj", "{2179067D-5B40-4A43-8489-D6EEEFA72A0C}"
EndProject
Project("{8BC9CEB8-8B4A-11D0-8D11-00A0C91BC942}") = "client", "client\client.vcxproj", "{8B5ACE4E-F297-467E-A1A1-13537138F89F}"
EndProject
Global
	GlobalSection(SolutionConfigurationPlatforms) = preSolution
		Debug|x64 = Debug|x64
		Debug|x86 = Debug|x86
		Release|x64 = Release|x64
		Release|x86 = Release|x86
	EndGlobalSection
	GlobalSection(ProjectConfigurationPlatforms) = postSolution
		{3B28742D-3DA6-4EE3-8814-FD2001865ABD}.Debug|x64.ActiveCfg = Debug|x64
		{3B28742D-3DA6-4EE3-8814-FD2001865ABD}.Debug|x64.Build.0 = Debug|x64
		{3B28742D-3DA6-4EE3-8814-FD2001865ABD}.Debug|x86.ActiveCfg = Debug|Win32
		{3B28742D-3DA6-4EE3-8814-FD2001865ABD}.Debug|x86.Build.0 = Debug|Win32
		{3B28742D-3DA6-4EE3-8814-FD2001865ABD}.Release|x64.ActiveCfg = Release|x64
		{3B28742D-3DA6-4EE3-8814-FD2001865ABD}.Release|x64.Build.0 = Release|x64
		{3B28742D-3DA6-4EE3-8814-FD2001865ABD}.Release|x86.ActiveCfg = Release|Win32
		{3B28742D-3DA6-4EE3-8814-FD2001865ABD}.Release|x86.Build.0 = Release|Win32
		{2179067D-5B40-4A43-8489-D6EEEFA72A0C}.Debug|x64.ActiveCfg = Debug|x64
		{2179067D-5B40-4A43-8489-D6EEEFA72A0C}.Debug|x64.Build.0 = Debug|x64
		{2179067D-5B40-4A43-8489-D6EEEFA72A0C}.Debug|x86.ActiveCfg = Debug|Win32
		{2179067D-5B40-4A43-8489-D6EEEFA72A0C}.Debug|x86.Build.0 = Debug|Win32
		{2179067D-5B40-4A43-8489-D6EEEFA72A0C}.Release|x64.ActiveCfg = Release|x64
		{2179067D-5B40-4A43-8489-D6EEEFA72A0C}.Release|x64.Build.0 = Release|x64
		{2179067D-5B40-4A43-8489-D6EEEFA72A0C}.Release|x86.ActiveCfg = Release|Win32
		{2179067D-5B40-4A43-8489-D6EEEFA72A0C}.Release|x86.Build.0 = Release|Win32
		{8B5ACE4E-F297-467E-A1A1-13537138F89F}.Debug|x64.ActiveCfg = Debug|x64
		{8B5ACE4E-F297-467E-A1A1-13537138F89F}.Debug|x64.Build.0 = Debug|x64
		{8B5ACE4E-F297-467E-A1A1-13537138F89F}.Debug|x86.ActiveCfg = Debug|Win32
		{8B5ACE4E-F297-467E-A1A1-13537138F89F}.Debug|x86.Build.0 = Debug|Win32
		{8B5ACE4E-F297-467E-A1A1-13537138F89F}.Release|x64.ActiveCfg = Release|x64
		{8B5ACE4E-F297-467E-A1A1-13537138F89F}.Release|x64.Build.0 = Release|x64
		{8B5ACE4E-F297-467E-A1A1-13537138F89F}.Release|x86.ActiveCfg = Release|Win32
		{8B5ACE4E-F297-467E-A1A1-13537138F89F}.Release|x86.Build.0 = Release|Win32
	EndGlobalSection
	GlobalSection(SolutionProperties) = preSolution
		HideSolutionNode = FALSE
	EndGlobalSection
	GlobalSection(ExtensibilityGlobals) = postSolution
		SolutionGuid = {26CE7E70-0AE9-4A06-9ECC-A182B0D2BA3D}
	EndGlobalSection
EndGlobal
